
Microsoft Visual Studio Solution File, Format Version 12.00
# Visual Studio 15
VisualStudioVersion = 15.0.27130.2010
MinimumVisualStudioVersion = 10.0.40219.1
Project("{E24C65DC-7377-472B-9ABA-BC803B73C61A}") = "Umbraco.UI", "Umbraco.UI\", "{942442DE-4111-4492-A00D-FB5ADD765C96}"
	ProjectSection(WebsiteProperties) = preProject
		TargetFrameworkMoniker = ".NETFramework,Version%3Dv4.6.1"
		Debug.AspNetCompiler.VirtualPath = "/localhost_51558"
		Debug.AspNetCompiler.PhysicalPath = "Umbraco.UI\"
		Debug.AspNetCompiler.TargetPath = "PrecompiledWeb\localhost_51558\"
		Debug.AspNetCompiler.Updateable = "true"
		Debug.AspNetCompiler.ForceOverwrite = "true"
		Debug.AspNetCompiler.FixedNames = "false"
		Debug.AspNetCompiler.Debug = "True"
		Release.AspNetCompiler.VirtualPath = "/localhost_51558"
		Release.AspNetCompiler.PhysicalPath = "Umbraco.UI\"
		Release.AspNetCompiler.TargetPath = "PrecompiledWeb\localhost_51558\"
		Release.AspNetCompiler.Updateable = "true"
		Release.AspNetCompiler.ForceOverwrite = "true"
		Release.AspNetCompiler.FixedNames = "false"
		Release.AspNetCompiler.Debug = "False"
		VWDPort = "51558"
		DefaultWebSiteLanguage = "Visual C#"
	EndProjectSection
EndProject
Project("{E24C65DC-7377-472B-9ABA-BC803B73C61A}") = "Umbraco.Code", "Umbraco.Code\", "{5E074AA8-81A2-4A33-B41C-AE581F3AEB20}"
	ProjectSection(WebsiteProperties) = preProject
		TargetFrameworkMoniker = ".NETFramework,Version%3Dv4.6.1"
		Debug.AspNetCompiler.VirtualPath = "/localhost_51611"
		Debug.AspNetCompiler.PhysicalPath = "Umbraco.Code\"
		Debug.AspNetCompiler.TargetPath = "PrecompiledWeb\localhost_51611\"
		Debug.AspNetCompiler.Updateable = "true"
		Debug.AspNetCompiler.ForceOverwrite = "true"
		Debug.AspNetCompiler.FixedNames = "false"
		Debug.AspNetCompiler.Debug = "True"
		Release.AspNetCompiler.VirtualPath = "/localhost_51611"
		Release.AspNetCompiler.PhysicalPath = "Umbraco.Code\"
		Release.AspNetCompiler.TargetPath = "PrecompiledWeb\localhost_51611\"
		Release.AspNetCompiler.Updateable = "true"
		Release.AspNetCompiler.ForceOverwrite = "true"
		Release.AspNetCompiler.FixedNames = "false"
		Release.AspNetCompiler.Debug = "False"
		VWDPort = "51611"
		DefaultWebSiteLanguage = "Visual C#"
	EndProjectSection
EndProject
Global
	GlobalSection(SolutionConfigurationPlatforms) = preSolution
		Debug|Any CPU = Debug|Any CPU
	EndGlobalSection
	GlobalSection(ProjectConfigurationPlatforms) = postSolution
		{942442DE-4111-4492-A00D-FB5ADD765C96}.Debug|Any CPU.ActiveCfg = Debug|Any CPU
		{942442DE-4111-4492-A00D-FB5ADD765C96}.Debug|Any CPU.Build.0 = Debug|Any CPU
		{5E074AA8-81A2-4A33-B41C-AE581F3AEB20}.Debug|Any CPU.ActiveCfg = Debug|Any CPU
		{5E074AA8-81A2-4A33-B41C-AE581F3AEB20}.Debug|Any CPU.Build.0 = Debug|Any CPU
	EndGlobalSection
	GlobalSection(SolutionProperties) = preSolution
		HideSolutionNode = FALSE
	EndGlobalSection
	GlobalSection(ExtensibilityGlobals) = postSolution
		SolutionGuid = {8B079317-113E-4997-B64A-0D4199A9B828}
	EndGlobalSection
EndGlobal
